
Microsoft Visual Studio Solution File, Format Version 12.00
# Visual Studio Version 16
VisualStudioVersion = 16.0.31402.337
MinimumVisualStudioVersion = 10.0.40219.1
Project("{FAE04EC0-301F-11D3-BF4B-00C04F79EFBC}") = "MTGInvPullMgr", "MTGInvPullMgr\MTGInvPullMgr.csproj", "{D80AB674-EB65-497D-8A19-A295171B571A}"
EndProject
Project("{FAE04EC0-301F-11D3-BF4B-00C04F79EFBC}") = "MTGInvPullMgr.Tests", "MTGInvPullMgr.Tests\MTGInvPullMgr.Tests.csproj", "{FDD6D232-4721-473C-801F-715F6DD3AE48}"
EndProject
Project("{FAE04EC0-301F-11D3-BF4B-00C04F79EFBC}") = "MTGInvPullMgr.Data", "MTGInvPullMgr.Data\MTGInvPullMgr.Data.csproj", "{C214A464-BF33-4FCE-BA64-27D5F5FCB875}"
EndProject
Project("{FAE04EC0-301F-11D3-BF4B-00C04F79EFBC}") = "MTGInvPullMgr.Models", "MTGInvPullMgr.Models\MTGInvPullMgr.Models.csproj", "{23DA9D22-F83A-4868-918D-A1435818BA93}"
EndProject
Project("{FAE04EC0-301F-11D3-BF4B-00C04F79EFBC}") = "MTGInvPullMgr.Services", "MTGInvPullMgr.Services\MTGInvPullMgr.Services.csproj", "{45C83338-6B33-47CF-817A-34813BF8DB94}"
EndProject
Global
	GlobalSection(SolutionConfigurationPlatforms) = preSolution
		Debug|Any CPU = Debug|Any CPU
		Release|Any CPU = Release|Any CPU
	EndGlobalSection
	GlobalSection(ProjectConfigurationPlatforms) = postSolution
		{D80AB674-EB65-497D-8A19-A295171B571A}.Debug|Any CPU.ActiveCfg = Debug|Any CPU
		{D80AB674-EB65-497D-8A19-A295171B571A}.Debug|Any CPU.Build.0 = Debug|Any CPU
		{D80AB674-EB65-497D-8A19-A295171B571A}.Release|Any CPU.ActiveCfg = Release|Any CPU
		{D80AB674-EB65-497D-8A19-A295171B571A}.Release|Any CPU.Build.0 = Release|Any CPU
		{FDD6D232-4721-473C-801F-715F6DD3AE48}.Debug|Any CPU.ActiveCfg = Debug|Any CPU
		{FDD6D232-4721-473C-801F-715F6DD3AE48}.Debug|Any CPU.Build.0 = Debug|Any CPU
		{FDD6D232-4721-473C-801F-715F6DD3AE48}.Release|Any CPU.ActiveCfg = Release|Any CPU
		{FDD6D232-4721-473C-801F-715F6DD3AE48}.Release|Any CPU.Build.0 = Release|Any CPU
		{C214A464-BF33-4FCE-BA64-27D5F5FCB875}.Debug|Any CPU.ActiveCfg = Debug|Any CPU
		{C214A464-BF33-4FCE-BA64-27D5F5FCB875}.Debug|Any CPU.Build.0 = Debug|Any CPU
		{C214A464-BF33-4FCE-BA64-27D5F5FCB875}.Release|Any CPU.ActiveCfg = Release|Any CPU
		{C214A464-BF33-4FCE-BA64-27D5F5FCB875}.Release|Any CPU.Build.0 = Release|Any CPU
		{23DA9D22-F83A-4868-918D-A1435818BA93}.Debug|Any CPU.ActiveCfg = Debug|Any CPU
		{23DA9D22-F83A-4868-918D-A1435818BA93}.Debug|Any CPU.Build.0 = Debug|Any CPU
		{23DA9D22-F83A-4868-918D-A1435818BA93}.Release|Any CPU.ActiveCfg = Release|Any CPU
		{23DA9D22-F83A-4868-918D-A1435818BA93}.Release|Any CPU.Build.0 = Release|Any CPU
		{45C83338-6B33-47CF-817A-34813BF8DB94}.Debug|Any CPU.ActiveCfg = Debug|Any CPU
		{45C83338-6B33-47CF-817A-34813BF8DB94}.Debug|Any CPU.Build.0 = Debug|Any CPU
		{45C83338-6B33-47CF-817A-34813BF8DB94}.Release|Any CPU.ActiveCfg = Release|Any CPU
		{45C83338-6B33-47CF-817A-34813BF8DB94}.Release|Any CPU.Build.0 = Release|Any CPU
	EndGlobalSection
	GlobalSection(SolutionProperties) = preSolution
		HideSolutionNode = FALSE
	EndGlobalSection
	GlobalSection(ExtensibilityGlobals) = postSolution
		SolutionGuid = {B6CA35C6-1C21-449D-9A9B-321745DECB7D}
	EndGlobalSection
EndGlobal
